
Microsoft Visual Studio Solution File, Format Version 12.00
# Visual Studio 15
VisualStudioVersion = 15.0.28307.102
MinimumVisualStudioVersion = 10.0.40219.1
Project("{FAE04EC0-301F-11D3-BF4B-00C04F79EFBC}") = "MyLINQTasks", "MyLINQTasks.csproj", "{9971014D-EDE8-4ECB-A997-9021597122C3}"
EndProject
Global
	GlobalSection(SolutionConfigurationPlatforms) = preSolution
		Debug|Any CPU = Debug|Any CPU
		Release|Any CPU = Release|Any CPU
	EndGlobalSection
	GlobalSection(ProjectConfigurationPlatforms) = postSolution
		{9971014D-EDE8-4ECB-A997-9021597122C3}.Debug|Any CPU.ActiveCfg = Debug|Any CPU
		{9971014D-EDE8-4ECB-A997-9021597122C3}.Debug|Any CPU.Build.0 = Debug|Any CPU
		{9971014D-EDE8-4ECB-A997-9021597122C3}.Release|Any CPU.ActiveCfg = Release|Any CPU
		{9971014D-EDE8-4ECB-A997-9021597122C3}.Release|Any CPU.Build.0 = Release|Any CPU
	EndGlobalSection
	GlobalSection(SolutionProperties) = preSolution
		HideSolutionNode = FALSE
	EndGlobalSection
	GlobalSection(ExtensibilityGlobals) = postSolution
		SolutionGuid = {2BC47E0C-AFBD-4870-9586-57F3B5DC9794}
	EndGlobalSection
EndGlobal
